
Microsoft Visual Studio Solution File, Format Version 12.00
# Visual Studio 15
VisualStudioVersion = 15.0.27703.2042
MinimumVisualStudioVersion = 10.0.40219.1
Project("{FAE04EC0-301F-11D3-BF4B-00C04F79EFBC}") = "DotNet.Jenkins", "DotNet.Jenkins\DotNet.Jenkins.csproj", "{3A909B66-6282-426D-B2CB-7E5F745893A0}"
EndProject
Project("{FAE04EC0-301F-11D3-BF4B-00C04F79EFBC}") = "DotNet.Jenkins.Tests", "DotNet.Jenkins.Tests\DotNet.Jenkins.Tests.csproj", "{D0356B8F-9893-41C2-BFB0-1E132141E8F2}"
EndProject
Global
	GlobalSection(SolutionConfigurationPlatforms) = preSolution
		Debug|Any CPU = Debug|Any CPU
		Release|Any CPU = Release|Any CPU
	EndGlobalSection
	GlobalSection(ProjectConfigurationPlatforms) = postSolution
		{3A909B66-6282-426D-B2CB-7E5F745893A0}.Debug|Any CPU.ActiveCfg = Debug|Any CPU
		{3A909B66-6282-426D-B2CB-7E5F745893A0}.Debug|Any CPU.Build.0 = Debug|Any CPU
		{3A909B66-6282-426D-B2CB-7E5F745893A0}.Release|Any CPU.ActiveCfg = Release|Any CPU
		{3A909B66-6282-426D-B2CB-7E5F745893A0}.Release|Any CPU.Build.0 = Release|Any CPU
		{D0356B8F-9893-41C2-BFB0-1E132141E8F2}.Debug|Any CPU.ActiveCfg = Debug|Any CPU
		{D0356B8F-9893-41C2-BFB0-1E132141E8F2}.Debug|Any CPU.Build.0 = Debug|Any CPU
		{D0356B8F-9893-41C2-BFB0-1E132141E8F2}.Release|Any CPU.ActiveCfg = Release|Any CPU
		{D0356B8F-9893-41C2-BFB0-1E132141E8F2}.Release|Any CPU.Build.0 = Release|Any CPU
	EndGlobalSection
	GlobalSection(SolutionProperties) = preSolution
		HideSolutionNode = FALSE
	EndGlobalSection
	GlobalSection(ExtensibilityGlobals) = postSolution
		SolutionGuid = {FB9F01E8-0F43-49D0-BD92-243147938FF6}
	EndGlobalSection
EndGlobal
